
Microsoft Visual Studio Solution File, Format Version 12.00
# Visual Studio Version 16
VisualStudioVersion = 16.0.29318.209
MinimumVisualStudioVersion = 10.0.40219.1
Project("{FAE04EC0-301F-11D3-BF4B-00C04F79EFBC}") = "WebApplication3", "WebApplication3\WebApplication3.csproj", "{DAAC24B9-18AC-4161-AC67-218350556C4F}"
EndProject
Global
	GlobalSection(SolutionConfigurationPlatforms) = preSolution
		Debug|Any CPU = Debug|Any CPU
		Release|Any CPU = Release|Any CPU
	EndGlobalSection
	GlobalSection(ProjectConfigurationPlatforms) = postSolution
		{DAAC24B9-18AC-4161-AC67-218350556C4F}.Debug|Any CPU.ActiveCfg = Debug|Any CPU
		{DAAC24B9-18AC-4161-AC67-218350556C4F}.Debug|Any CPU.Build.0 = Debug|Any CPU
		{DAAC24B9-18AC-4161-AC67-218350556C4F}.Release|Any CPU.ActiveCfg = Release|Any CPU
		{DAAC24B9-18AC-4161-AC67-218350556C4F}.Release|Any CPU.Build.0 = Release|Any CPU
	EndGlobalSection
	GlobalSection(SolutionProperties) = preSolution
		HideSolutionNode = FALSE
	EndGlobalSection
	GlobalSection(ExtensibilityGlobals) = postSolution
		SolutionGuid = {5EB46C4F-9ECE-4769-9775-8663B8FAFBBF}
	EndGlobalSection
EndGlobal
